
Microsoft Visual Studio Solution File, Format Version 12.00
# Visual Studio 15
VisualStudioVersion = 15.0.28307.438
MinimumVisualStudioVersion = 10.0.40219.1
Project("{FAE04EC0-301F-11D3-BF4B-00C04F79EFBC}") = "投骰子", "投骰子\投骰子.csproj", "{10AB5380-F85E-43AD-B039-15F21F689070}"
EndProject
Global
	GlobalSection(SolutionConfigurationPlatforms) = preSolution
		Debug|Any CPU = Debug|Any CPU
		Release|Any CPU = Release|Any CPU
	EndGlobalSection
	GlobalSection(ProjectConfigurationPlatforms) = postSolution
		{10AB5380-F85E-43AD-B039-15F21F689070}.Debug|Any CPU.ActiveCfg = Debug|Any CPU
		{10AB5380-F85E-43AD-B039-15F21F689070}.Debug|Any CPU.Build.0 = Debug|Any CPU
		{10AB5380-F85E-43AD-B039-15F21F689070}.Release|Any CPU.ActiveCfg = Release|Any CPU
		{10AB5380-F85E-43AD-B039-15F21F689070}.Release|Any CPU.Build.0 = Release|Any CPU
	EndGlobalSection
	GlobalSection(SolutionProperties) = preSolution
		HideSolutionNode = FALSE
	EndGlobalSection
	GlobalSection(ExtensibilityGlobals) = postSolution
		SolutionGuid = {62634552-E113-41A0-97BE-784EC39E3FD9}
	EndGlobalSection
EndGlobal
