
Microsoft Visual Studio Solution File, Format Version 12.00
# Visual Studio 15
VisualStudioVersion = 15.0.28307.852
MinimumVisualStudioVersion = 10.0.40219.1
Project("{FAE04EC0-301F-11D3-BF4B-00C04F79EFBC}") = "WindowsFormsApp1", "WindowsFormsApp1\WindowsFormsApp1.csproj", "{06D9AB00-9182-4E1F-BF45-3A919914FBBA}"
EndProject
Project("{FAE04EC0-301F-11D3-BF4B-00C04F79EFBC}") = "DaoLayer", "DaoLayer\DaoLayer.csproj", "{05775FBD-1075-4A29-9746-51B0976F0B6B}"
EndProject
Project("{FAE04EC0-301F-11D3-BF4B-00C04F79EFBC}") = "DataBase", "DataBase\DataBase.csproj", "{A0DB53A5-5BD7-43F4-B099-30CA4BA5DDED}"
EndProject
Project("{FAE04EC0-301F-11D3-BF4B-00C04F79EFBC}") = "Entity", "Entity\Entity.csproj", "{5D94E121-4C8D-4CEF-B766-62782D078A4A}"
EndProject
Project("{FAE04EC0-301F-11D3-BF4B-00C04F79EFBC}") = "UnitTestProject1", "UnitTestProject1\UnitTestProject1.csproj", "{257D4A72-F038-4004-A7D5-DB1E203162DE}"
EndProject
Global
	GlobalSection(SolutionConfigurationPlatforms) = preSolution
		Debug|Any CPU = Debug|Any CPU
		Release|Any CPU = Release|Any CPU
	EndGlobalSection
	GlobalSection(ProjectConfigurationPlatforms) = postSolution
		{06D9AB00-9182-4E1F-BF45-3A919914FBBA}.Debug|Any CPU.ActiveCfg = Debug|Any CPU
		{06D9AB00-9182-4E1F-BF45-3A919914FBBA}.Debug|Any CPU.Build.0 = Debug|Any CPU
		{06D9AB00-9182-4E1F-BF45-3A919914FBBA}.Release|Any CPU.ActiveCfg = Release|Any CPU
		{06D9AB00-9182-4E1F-BF45-3A919914FBBA}.Release|Any CPU.Build.0 = Release|Any CPU
		{05775FBD-1075-4A29-9746-51B0976F0B6B}.Debug|Any CPU.ActiveCfg = Debug|Any CPU
		{05775FBD-1075-4A29-9746-51B0976F0B6B}.Debug|Any CPU.Build.0 = Debug|Any CPU
		{05775FBD-1075-4A29-9746-51B0976F0B6B}.Release|Any CPU.ActiveCfg = Release|Any CPU
		{05775FBD-1075-4A29-9746-51B0976F0B6B}.Release|Any CPU.Build.0 = Release|Any CPU
		{A0DB53A5-5BD7-43F4-B099-30CA4BA5DDED}.Debug|Any CPU.ActiveCfg = Debug|Any CPU
		{A0DB53A5-5BD7-43F4-B099-30CA4BA5DDED}.Debug|Any CPU.Build.0 = Debug|Any CPU
		{A0DB53A5-5BD7-43F4-B099-30CA4BA5DDED}.Release|Any CPU.ActiveCfg = Release|Any CPU
		{A0DB53A5-5BD7-43F4-B099-30CA4BA5DDED}.Release|Any CPU.Build.0 = Release|Any CPU
		{5D94E121-4C8D-4CEF-B766-62782D078A4A}.Debug|Any CPU.ActiveCfg = Debug|Any CPU
		{5D94E121-4C8D-4CEF-B766-62782D078A4A}.Debug|Any CPU.Build.0 = Debug|Any CPU
		{5D94E121-4C8D-4CEF-B766-62782D078A4A}.Release|Any CPU.ActiveCfg = Release|Any CPU
		{5D94E121-4C8D-4CEF-B766-62782D078A4A}.Release|Any CPU.Build.0 = Release|Any CPU
		{257D4A72-F038-4004-A7D5-DB1E203162DE}.Debug|Any CPU.ActiveCfg = Debug|Any CPU
		{257D4A72-F038-4004-A7D5-DB1E203162DE}.Debug|Any CPU.Build.0 = Debug|Any CPU
		{257D4A72-F038-4004-A7D5-DB1E203162DE}.Release|Any CPU.ActiveCfg = Release|Any CPU
		{257D4A72-F038-4004-A7D5-DB1E203162DE}.Release|Any CPU.Build.0 = Release|Any CPU
	EndGlobalSection
	GlobalSection(SolutionProperties) = preSolution
		HideSolutionNode = FALSE
	EndGlobalSection
	GlobalSection(ExtensibilityGlobals) = postSolution
		SolutionGuid = {B7E1256C-4EF6-47AB-B1DF-076787FE2B90}
	EndGlobalSection
EndGlobal
