
Microsoft Visual Studio Solution File, Format Version 12.00
# Visual Studio 14
VisualStudioVersion = 14.0.25420.1
MinimumVisualStudioVersion = 10.0.40219.1
Project("{FAE04EC0-301F-11D3-BF4B-00C04F79EFBC}") = "结对编程", "结对编程\结对编程.csproj", "{6640F9C6-8806-440F-A8E0-1616868200BA}"
EndProject
Project("{FAE04EC0-301F-11D3-BF4B-00C04F79EFBC}") = "结对编程Tests", "结对编程Tests\结对编程Tests.csproj", "{73DF6820-C271-4267-AA93-9353BCB0BCD2}"
EndProject
Global
	GlobalSection(SolutionConfigurationPlatforms) = preSolution
		Debug|Any CPU = Debug|Any CPU
		Release|Any CPU = Release|Any CPU
	EndGlobalSection
	GlobalSection(ProjectConfigurationPlatforms) = postSolution
		{6640F9C6-8806-440F-A8E0-1616868200BA}.Debug|Any CPU.ActiveCfg = Debug|Any CPU
		{6640F9C6-8806-440F-A8E0-1616868200BA}.Debug|Any CPU.Build.0 = Debug|Any CPU
		{6640F9C6-8806-440F-A8E0-1616868200BA}.Release|Any CPU.ActiveCfg = Release|Any CPU
		{6640F9C6-8806-440F-A8E0-1616868200BA}.Release|Any CPU.Build.0 = Release|Any CPU
		{73DF6820-C271-4267-AA93-9353BCB0BCD2}.Debug|Any CPU.ActiveCfg = Debug|Any CPU
		{73DF6820-C271-4267-AA93-9353BCB0BCD2}.Debug|Any CPU.Build.0 = Debug|Any CPU
		{73DF6820-C271-4267-AA93-9353BCB0BCD2}.Release|Any CPU.ActiveCfg = Release|Any CPU
		{73DF6820-C271-4267-AA93-9353BCB0BCD2}.Release|Any CPU.Build.0 = Release|Any CPU
	EndGlobalSection
	GlobalSection(SolutionProperties) = preSolution
		HideSolutionNode = FALSE
	EndGlobalSection
EndGlobal
