
Microsoft Visual Studio Solution File, Format Version 12.00
# Visual Studio Version 16
VisualStudioVersion = 16.0.29306.81
MinimumVisualStudioVersion = 10.0.40219.1
Project("{FAE04EC0-301F-11D3-BF4B-00C04F79EFBC}") = "骰子游戏", "骰子游戏.csproj", "{2A6760F6-EEAD-43EF-921B-C3A8FF0531EC}"
EndProject
Project("{FAE04EC0-301F-11D3-BF4B-00C04F79EFBC}") = "骰子游戏Tests1", "..\骰子游戏Tests1\骰子游戏Tests1.csproj", "{519B9713-E96F-42E3-89E5-2F8DE1F76BA4}"
EndProject
Global
	GlobalSection(SolutionConfigurationPlatforms) = preSolution
		Debug|Any CPU = Debug|Any CPU
		Release|Any CPU = Release|Any CPU
	EndGlobalSection
	GlobalSection(ProjectConfigurationPlatforms) = postSolution
		{2A6760F6-EEAD-43EF-921B-C3A8FF0531EC}.Debug|Any CPU.ActiveCfg = Debug|Any CPU
		{2A6760F6-EEAD-43EF-921B-C3A8FF0531EC}.Debug|Any CPU.Build.0 = Debug|Any CPU
		{2A6760F6-EEAD-43EF-921B-C3A8FF0531EC}.Release|Any CPU.ActiveCfg = Release|Any CPU
		{2A6760F6-EEAD-43EF-921B-C3A8FF0531EC}.Release|Any CPU.Build.0 = Release|Any CPU
		{519B9713-E96F-42E3-89E5-2F8DE1F76BA4}.Debug|Any CPU.ActiveCfg = Debug|Any CPU
		{519B9713-E96F-42E3-89E5-2F8DE1F76BA4}.Debug|Any CPU.Build.0 = Debug|Any CPU
		{519B9713-E96F-42E3-89E5-2F8DE1F76BA4}.Release|Any CPU.ActiveCfg = Release|Any CPU
		{519B9713-E96F-42E3-89E5-2F8DE1F76BA4}.Release|Any CPU.Build.0 = Release|Any CPU
	EndGlobalSection
	GlobalSection(SolutionProperties) = preSolution
		HideSolutionNode = FALSE
	EndGlobalSection
	GlobalSection(ExtensibilityGlobals) = postSolution
		SolutionGuid = {6D2D5984-1336-4AA8-B541-5AD97340AC85}
	EndGlobalSection
EndGlobal
